{
  "version": 4,
  "terraform_version": "1.15.5",
  "serial": 25,
  "lineage": "ce569d09-3aa2-1e97-e320-9c3197a510f7",
  "outputs": {
    "bastion_public_ip": {
      "value": "4.223.119.220",
      "type": "string"
    },
    "web_private_ip": {
      "value": "10.0.2.4",
      "type": "string"
    },
    "web_public_ip": {
      "value": "4.223.229.121",
      "type": "string"
    }
  },
  "resources": [
    {
      "mode": "managed",
      "type": "azurerm_linux_virtual_machine",
      "name": "vm_bastion",
      "provider": "provider[\"registry.terraform.io/hashicorp/azurerm\"]",
      "instances": [
        {
          "schema_version": 0,
          "attributes": {
            "additional_capabilities": [],
            "admin_password": null,
            "admin_ssh_key": [
              {
                "public_key": "ssh-rsa AAAAB3NzaC1yc2EAAAADAQABAAACAQDRcH8E5FY4mcG5KF9jK7pYQuDKqpQLCJScy4v4cpvbaS9Bn/w507trg4VvBANUcwIipYOzBB8LKc68fvZAQHV+R1gPdIXfVpwSxS26oGpBWSeGKFgXbsWIJngYwPks0cxxyy7+N1kqzJL6lYjCzHhZ7GNtwzMaenlMDBjvQ3bGIEffpmC6lT7ZUrL48EuOUJIPEK02qCPHvCNj6OWCE46YXoWOwLP5064+kDNUZNvJA6kea5sQ+IvdO/1120htimnN52ytqY0gOB9eiD+P7WiJWo9v+qQ55JycwoYLuqsWlOc0gQ9HT8tfL7xmMpHOfVQAWxhUgkpAPDjIQXvK0C0BpgF97UpYZK8qD9QqlVlDMVbrtd1UZiDf0YlYKaUZSqquc18RhaSl22V1Kjo/yr1O5/FJ4ah+i4VdnNB24+bl8jEB9gGwatIgXTYoqmXzzs2a2IYG1/QpdaT8py2GMTw/TvBkU8oXMWxgDX8SIQvtLXygYojUeT3gR8mLY/Io7uvSP/yWSPmGL2+rIn1A8jFygNVQeRjVMikIqBnCy7VUnbp88dQxMIAfnluBr17Am//IDhXlv3TrnLomzZ1ezRdkSI6qdEpGyBTft5HGkYDuUF6sYLJ81dOuMbVNcR+zn5nfyE08VKAjsWz+ARhy2W2CVnhtFkuspiCX+tVXd/mgFw== ryad2@RYAD-PC\r\n",
                "username": "azureuser"
              }
            ],
            "admin_username": "azureuser",
            "allow_extension_operations": true,
            "availability_set_id": "",
            "boot_diagnostics": [],
            "computer_name": "vm-bastion",
            "custom_data": null,
            "dedicated_host_group_id": "",
            "dedicated_host_id": "",
            "disable_password_authentication": true,
            "edge_zone": "",
            "encryption_at_host_enabled": false,
            "eviction_policy": "",
            "extensions_time_budget": "PT1H30M",
            "id": "/subscriptions/886eb166-d41e-4dd4-9f89-7125bd7df134/resourceGroups/tp-bastion-rg/providers/Microsoft.Compute/virtualMachines/vm-bastion",
            "identity": [],
            "license_type": "",
            "location": "swedencentral",
            "max_bid_price": -1,
            "name": "vm-bastion",
            "network_interface_ids": [
              "/subscriptions/886eb166-d41e-4dd4-9f89-7125bd7df134/resourceGroups/tp-bastion-rg/providers/Microsoft.Network/networkInterfaces/nic-bastion"
            ],
            "os_disk": [
              {
                "caching": "ReadWrite",
                "diff_disk_settings": [],
                "disk_encryption_set_id": "",
                "disk_size_gb": 30,
                "name": "vm-bastion_OsDisk_1_97f8866b4e954137b5ea501c91dd9f9d",
                "storage_account_type": "Standard_LRS",
                "write_accelerator_enabled": false
              }
            ],
            "patch_mode": "ImageDefault",
            "plan": [],
            "platform_fault_domain": -1,
            "priority": "Regular",
            "private_ip_address": "10.0.1.4",
            "private_ip_addresses": [
              "10.0.1.4"
            ],
            "provision_vm_agent": true,
            "proximity_placement_group_id": "",
            "public_ip_address": "4.223.119.220",
            "public_ip_addresses": [
              "4.223.119.220"
            ],
            "resource_group_name": "tp-bastion-rg",
            "secret": [],
            "secure_boot_enabled": false,
            "size": "Standard_D2s_v3",
            "source_image_id": "",
            "source_image_reference": [
              {
                "offer": "0001-com-ubuntu-server-jammy",
                "publisher": "Canonical",
                "sku": "22_04-lts",
                "version": "latest"
              }
            ],
            "tags": null,
            "termination_notification": null,
            "timeouts": null,
            "user_data": "",
            "virtual_machine_id": "fd255e4a-de86-4dde-90b7-f6478b6047b0",
            "virtual_machine_scale_set_id": "",
            "vtpm_enabled": false,
            "zone": ""
          },
          "sensitive_attributes": [
            [
              {
                "type": "get_attr",
                "value": "admin_password"
              }
            ],
            [
              {
                "type": "get_attr",
                "value": "custom_data"
              }
            ]
          ],
          "identity_schema_version": 0,
          "private": "eyJlMmJmYjczMC1lY2FhLTExZTYtOGY4OC0zNDM2M2JjN2M0YzAiOnsiY3JlYXRlIjoyNzAwMDAwMDAwMDAwLCJkZWxldGUiOjI3MDAwMDAwMDAwMDAsInJlYWQiOjMwMDAwMDAwMDAwMCwidXBkYXRlIjoyNzAwMDAwMDAwMDAwfX0=",
          "dependencies": [
            "azurerm_network_interface.nic_bastion",
            "azurerm_public_ip.pip_bastion",
            "azurerm_resource_group.rg",
            "azurerm_subnet.subnet_bastion",
            "azurerm_virtual_network.vnet"
          ]
        }
      ]
    },
    {
      "mode": "managed",
      "type": "azurerm_linux_virtual_machine",
      "name": "vm_web",
      "provider": "provider[\"registry.terraform.io/hashicorp/azurerm\"]",
      "instances": [
        {
          "schema_version": 0,
          "attributes": {
            "additional_capabilities": [],
            "admin_password": null,
            "admin_ssh_key": [
              {
                "public_key": "ssh-rsa AAAAB3NzaC1yc2EAAAADAQABAAACAQDRcH8E5FY4mcG5KF9jK7pYQuDKqpQLCJScy4v4cpvbaS9Bn/w507trg4VvBANUcwIipYOzBB8LKc68fvZAQHV+R1gPdIXfVpwSxS26oGpBWSeGKFgXbsWIJngYwPks0cxxyy7+N1kqzJL6lYjCzHhZ7GNtwzMaenlMDBjvQ3bGIEffpmC6lT7ZUrL48EuOUJIPEK02qCPHvCNj6OWCE46YXoWOwLP5064+kDNUZNvJA6kea5sQ+IvdO/1120htimnN52ytqY0gOB9eiD+P7WiJWo9v+qQ55JycwoYLuqsWlOc0gQ9HT8tfL7xmMpHOfVQAWxhUgkpAPDjIQXvK0C0BpgF97UpYZK8qD9QqlVlDMVbrtd1UZiDf0YlYKaUZSqquc18RhaSl22V1Kjo/yr1O5/FJ4ah+i4VdnNB24+bl8jEB9gGwatIgXTYoqmXzzs2a2IYG1/QpdaT8py2GMTw/TvBkU8oXMWxgDX8SIQvtLXygYojUeT3gR8mLY/Io7uvSP/yWSPmGL2+rIn1A8jFygNVQeRjVMikIqBnCy7VUnbp88dQxMIAfnluBr17Am//IDhXlv3TrnLomzZ1ezRdkSI6qdEpGyBTft5HGkYDuUF6sYLJ81dOuMbVNcR+zn5nfyE08VKAjsWz+ARhy2W2CVnhtFkuspiCX+tVXd/mgFw== ryad2@RYAD-PC\r\n",
                "username": "azureuser"
              }
            ],
            "admin_username": "azureuser",
            "allow_extension_operations": true,
            "availability_set_id": "",
            "boot_diagnostics": [],
            "computer_name": "vm-web",
            "custom_data": "IyEvYmluL2Jhc2gNCmFwdC1nZXQgdXBkYXRlIC15DQphcHQtZ2V0IGluc3RhbGwgLXkgbmdpbngNCmVjaG8gIjxoMT5UUCBUZXJyYWZvcm0gQXp1cmU8L2gxPiIgPiAvdmFyL3d3dy9odG1sL2luZGV4Lmh0bWwNCnN5c3RlbWN0bCBlbmFibGUgbmdpbngNCnN5c3RlbWN0bCBzdGFydCBuZ2lueA0K",
            "dedicated_host_group_id": "",
            "dedicated_host_id": "",
            "disable_password_authentication": true,
            "edge_zone": "",
            "encryption_at_host_enabled": false,
            "eviction_policy": "",
            "extensions_time_budget": "PT1H30M",
            "id": "/subscriptions/886eb166-d41e-4dd4-9f89-7125bd7df134/resourceGroups/tp-bastion-rg/providers/Microsoft.Compute/virtualMachines/vm-web",
            "identity": [],
            "license_type": "",
            "location": "swedencentral",
            "max_bid_price": -1,
            "name": "vm-web",
            "network_interface_ids": [
              "/subscriptions/886eb166-d41e-4dd4-9f89-7125bd7df134/resourceGroups/tp-bastion-rg/providers/Microsoft.Network/networkInterfaces/nic-web"
            ],
            "os_disk": [
              {
                "caching": "ReadWrite",
                "diff_disk_settings": [],
                "disk_encryption_set_id": "",
                "disk_size_gb": 30,
                "name": "vm-web_OsDisk_1_ab0ba87bb0e3452691170fd7f9ef9c3a",
                "storage_account_type": "Standard_LRS",
                "write_accelerator_enabled": false
              }
            ],
            "patch_mode": "ImageDefault",
            "plan": [],
            "platform_fault_domain": -1,
            "priority": "Regular",
            "private_ip_address": "10.0.2.4",
            "private_ip_addresses": [
              "10.0.2.4"
            ],
            "provision_vm_agent": true,
            "proximity_placement_group_id": "",
            "public_ip_address": "4.223.229.121",
            "public_ip_addresses": [
              "4.223.229.121"
            ],
            "resource_group_name": "tp-bastion-rg",
            "secret": [],
            "secure_boot_enabled": false,
            "size": "Standard_D2s_v3",
            "source_image_id": "",
            "source_image_reference": [
              {
                "offer": "0001-com-ubuntu-server-jammy",
                "publisher": "Canonical",
                "sku": "22_04-lts",
                "version": "latest"
              }
            ],
            "tags": null,
            "termination_notification": null,
            "timeouts": null,
            "user_data": "",
            "virtual_machine_id": "79082a16-cb15-4504-9e3a-1fa5a6b2dbc7",
            "virtual_machine_scale_set_id": "",
            "vtpm_enabled": false,
            "zone": ""
          },
          "sensitive_attributes": [
            [
              {
                "type": "get_attr",
                "value": "admin_password"
              }
            ],
            [
              {
                "type": "get_attr",
                "value": "custom_data"
              }
            ]
          ],
          "identity_schema_version": 0,
          "private": "eyJlMmJmYjczMC1lY2FhLTExZTYtOGY4OC0zNDM2M2JjN2M0YzAiOnsiY3JlYXRlIjoyNzAwMDAwMDAwMDAwLCJkZWxldGUiOjI3MDAwMDAwMDAwMDAsInJlYWQiOjMwMDAwMDAwMDAwMCwidXBkYXRlIjoyNzAwMDAwMDAwMDAwfX0=",
          "dependencies": [
            "azurerm_network_interface.nic_web",
            "azurerm_public_ip.pip_web",
            "azurerm_resource_group.rg",
            "azurerm_subnet.subnet_web",
            "azurerm_virtual_network.vnet"
          ]
        }
      ]
    },
    {
      "mode": "managed",
      "type": "azurerm_network_interface",
      "name": "nic_bastion",
      "provider": "provider[\"registry.terraform.io/hashicorp/azurerm\"]",
      "instances": [
        {
          "schema_version": 0,
          "attributes": {
            "applied_dns_servers": [],
            "dns_servers": [],
            "edge_zone": "",
            "enable_accelerated_networking": false,
            "enable_ip_forwarding": false,
            "id": "/subscriptions/886eb166-d41e-4dd4-9f89-7125bd7df134/resourceGroups/tp-bastion-rg/providers/Microsoft.Network/networkInterfaces/nic-bastion",
            "internal_dns_name_label": "",
            "internal_domain_name_suffix": "eve4l0xzqibuvgukg04lzsmikg.gvxx.internal.cloudapp.net",
            "ip_configuration": [
              {
                "gateway_load_balancer_frontend_ip_configuration_id": "",
                "name": "ipconfig-bastion",
                "primary": true,
                "private_ip_address": "10.0.1.4",
                "private_ip_address_allocation": "Dynamic",
                "private_ip_address_version": "IPv4",
                "public_ip_address_id": "/subscriptions/886eb166-d41e-4dd4-9f89-7125bd7df134/resourceGroups/tp-bastion-rg/providers/Microsoft.Network/publicIPAddresses/pip-bastion",
                "subnet_id": "/subscriptions/886eb166-d41e-4dd4-9f89-7125bd7df134/resourceGroups/tp-bastion-rg/providers/Microsoft.Network/virtualNetworks/tp-vnet/subnets/subnet-bastion"
              }
            ],
            "location": "swedencentral",
            "mac_address": "",
            "name": "nic-bastion",
            "private_ip_address": "10.0.1.4",
            "private_ip_addresses": [
              "10.0.1.4"
            ],
            "resource_group_name": "tp-bastion-rg",
            "tags": null,
            "timeouts": null,
            "virtual_machine_id": ""
          },
          "sensitive_attributes": [],
          "identity_schema_version": 0,
          "private": "eyJlMmJmYjczMC1lY2FhLTExZTYtOGY4OC0zNDM2M2JjN2M0YzAiOnsiY3JlYXRlIjoxODAwMDAwMDAwMDAwLCJkZWxldGUiOjE4MDAwMDAwMDAwMDAsInJlYWQiOjMwMDAwMDAwMDAwMCwidXBkYXRlIjoxODAwMDAwMDAwMDAwfX0=",
          "dependencies": [
            "azurerm_public_ip.pip_bastion",
            "azurerm_resource_group.rg",
            "azurerm_subnet.subnet_bastion",
            "azurerm_virtual_network.vnet"
          ]
        }
      ]
    },
    {
      "mode": "managed",
      "type": "azurerm_network_interface",
      "name": "nic_web",
      "provider": "provider[\"registry.terraform.io/hashicorp/azurerm\"]",
      "instances": [
        {
          "schema_version": 0,
          "attributes": {
            "applied_dns_servers": [],
            "dns_servers": [],
            "edge_zone": "",
            "enable_accelerated_networking": false,
            "enable_ip_forwarding": false,
            "id": "/subscriptions/886eb166-d41e-4dd4-9f89-7125bd7df134/resourceGroups/tp-bastion-rg/providers/Microsoft.Network/networkInterfaces/nic-web",
            "internal_dns_name_label": "",
            "internal_domain_name_suffix": "eve4l0xzqibuvgukg04lzsmikg.gvxx.internal.cloudapp.net",
            "ip_configuration": [
              {
                "gateway_load_balancer_frontend_ip_configuration_id": "",
                "name": "ipconfig-web",
                "primary": true,
                "private_ip_address": "10.0.2.4",
                "private_ip_address_allocation": "Dynamic",
                "private_ip_address_version": "IPv4",
                "public_ip_address_id": "/subscriptions/886eb166-d41e-4dd4-9f89-7125bd7df134/resourceGroups/tp-bastion-rg/providers/Microsoft.Network/publicIPAddresses/pip-web",
                "subnet_id": "/subscriptions/886eb166-d41e-4dd4-9f89-7125bd7df134/resourceGroups/tp-bastion-rg/providers/Microsoft.Network/virtualNetworks/tp-vnet/subnets/subnet-web"
              }
            ],
            "location": "swedencentral",
            "mac_address": "",
            "name": "nic-web",
            "private_ip_address": "10.0.2.4",
            "private_ip_addresses": [
              "10.0.2.4"
            ],
            "resource_group_name": "tp-bastion-rg",
            "tags": null,
            "timeouts": null,
            "virtual_machine_id": ""
          },
          "sensitive_attributes": [],
          "identity_schema_version": 0,
          "private": "eyJlMmJmYjczMC1lY2FhLTExZTYtOGY4OC0zNDM2M2JjN2M0YzAiOnsiY3JlYXRlIjoxODAwMDAwMDAwMDAwLCJkZWxldGUiOjE4MDAwMDAwMDAwMDAsInJlYWQiOjMwMDAwMDAwMDAwMCwidXBkYXRlIjoxODAwMDAwMDAwMDAwfX0=",
          "dependencies": [
            "azurerm_public_ip.pip_web",
            "azurerm_resource_group.rg",
            "azurerm_subnet.subnet_web",
            "azurerm_virtual_network.vnet"
          ]
        }
      ]
    },
    {
      "mode": "managed",
      "type": "azurerm_network_security_group",
      "name": "nsg_bastion",
      "provider": "provider[\"registry.terraform.io/hashicorp/azurerm\"]",
      "instances": [
        {
          "schema_version": 0,
          "attributes": {
            "id": "/subscriptions/886eb166-d41e-4dd4-9f89-7125bd7df134/resourceGroups/tp-bastion-rg/providers/Microsoft.Network/networkSecurityGroups/nsg-bastion",
            "location": "swedencentral",
            "name": "nsg-bastion",
            "resource_group_name": "tp-bastion-rg",
            "security_rule": [
              {
                "access": "Allow",
                "description": "",
                "destination_address_prefix": "*",
                "destination_address_prefixes": [],
                "destination_application_security_group_ids": [],
                "destination_port_range": "22",
                "destination_port_ranges": [],
                "direction": "Inbound",
                "name": "allow-ssh",
                "priority": 100,
                "protocol": "Tcp",
                "source_address_prefix": "82.64.163.127/32",
                "source_address_prefixes": [],
                "source_application_security_group_ids": [],
                "source_port_range": "*",
                "source_port_ranges": []
              }
            ],
            "tags": {},
            "timeouts": null
          },
          "sensitive_attributes": [],
          "identity_schema_version": 0,
          "private": "eyJlMmJmYjczMC1lY2FhLTExZTYtOGY4OC0zNDM2M2JjN2M0YzAiOnsiY3JlYXRlIjoxODAwMDAwMDAwMDAwLCJkZWxldGUiOjE4MDAwMDAwMDAwMDAsInJlYWQiOjMwMDAwMDAwMDAwMCwidXBkYXRlIjoxODAwMDAwMDAwMDAwfX0=",
          "dependencies": [
            "azurerm_resource_group.rg"
          ]
        }
      ]
    },
    {
      "mode": "managed",
      "type": "azurerm_network_security_group",
      "name": "nsg_web",
      "provider": "provider[\"registry.terraform.io/hashicorp/azurerm\"]",
      "instances": [
        {
          "schema_version": 0,
          "attributes": {
            "id": "/subscriptions/886eb166-d41e-4dd4-9f89-7125bd7df134/resourceGroups/tp-bastion-rg/providers/Microsoft.Network/networkSecurityGroups/nsg-web",
            "location": "swedencentral",
            "name": "nsg-web",
            "resource_group_name": "tp-bastion-rg",
            "security_rule": [
              {
                "access": "Allow",
                "description": "",
                "destination_address_prefix": "*",
                "destination_address_prefixes": [],
                "destination_application_security_group_ids": [],
                "destination_port_range": "22",
                "destination_port_ranges": [],
                "direction": "Inbound",
                "name": "allow-ssh-from-bastion",
                "priority": 110,
                "protocol": "Tcp",
                "source_address_prefix": "10.0.1.0/24",
                "source_address_prefixes": [],
                "source_application_security_group_ids": [],
                "source_port_range": "*",
                "source_port_ranges": []
              },
              {
                "access": "Allow",
                "description": "",
                "destination_address_prefix": "*",
                "destination_address_prefixes": [],
                "destination_application_security_group_ids": [],
                "destination_port_range": "80",
                "destination_port_ranges": [],
                "direction": "Inbound",
                "name": "allow-http",
                "priority": 100,
                "protocol": "Tcp",
                "source_address_prefix": "Internet",
                "source_address_prefixes": [],
                "source_application_security_group_ids": [],
                "source_port_range": "*",
                "source_port_ranges": []
              }
            ],
            "tags": {},
            "timeouts": null
          },
          "sensitive_attributes": [],
          "identity_schema_version": 0,
          "private": "eyJlMmJmYjczMC1lY2FhLTExZTYtOGY4OC0zNDM2M2JjN2M0YzAiOnsiY3JlYXRlIjoxODAwMDAwMDAwMDAwLCJkZWxldGUiOjE4MDAwMDAwMDAwMDAsInJlYWQiOjMwMDAwMDAwMDAwMCwidXBkYXRlIjoxODAwMDAwMDAwMDAwfX0=",
          "dependencies": [
            "azurerm_resource_group.rg"
          ]
        }
      ]
    },
    {
      "mode": "managed",
      "type": "azurerm_public_ip",
      "name": "pip_bastion",
      "provider": "provider[\"registry.terraform.io/hashicorp/azurerm\"]",
      "instances": [
        {
          "schema_version": 0,
          "attributes": {
            "allocation_method": "Static",
            "domain_name_label": null,
            "edge_zone": "",
            "fqdn": null,
            "id": "/subscriptions/886eb166-d41e-4dd4-9f89-7125bd7df134/resourceGroups/tp-bastion-rg/providers/Microsoft.Network/publicIPAddresses/pip-bastion",
            "idle_timeout_in_minutes": 4,
            "ip_address": "4.223.119.220",
            "ip_tags": null,
            "ip_version": "IPv4",
            "location": "swedencentral",
            "name": "pip-bastion",
            "public_ip_prefix_id": null,
            "resource_group_name": "tp-bastion-rg",
            "reverse_fqdn": null,
            "sku": "Standard",
            "sku_tier": "Regional",
            "tags": null,
            "timeouts": null,
            "zones": null
          },
          "sensitive_attributes": [],
          "identity_schema_version": 0,
          "private": "eyJlMmJmYjczMC1lY2FhLTExZTYtOGY4OC0zNDM2M2JjN2M0YzAiOnsiY3JlYXRlIjoxODAwMDAwMDAwMDAwLCJkZWxldGUiOjE4MDAwMDAwMDAwMDAsInJlYWQiOjMwMDAwMDAwMDAwMCwidXBkYXRlIjoxODAwMDAwMDAwMDAwfX0=",
          "dependencies": [
            "azurerm_resource_group.rg"
          ]
        }
      ]
    },
    {
      "mode": "managed",
      "type": "azurerm_public_ip",
      "name": "pip_web",
      "provider": "provider[\"registry.terraform.io/hashicorp/azurerm\"]",
      "instances": [
        {
          "schema_version": 0,
          "attributes": {
            "allocation_method": "Static",
            "domain_name_label": null,
            "edge_zone": "",
            "fqdn": null,
            "id": "/subscriptions/886eb166-d41e-4dd4-9f89-7125bd7df134/resourceGroups/tp-bastion-rg/providers/Microsoft.Network/publicIPAddresses/pip-web",
            "idle_timeout_in_minutes": 4,
            "ip_address": "4.223.229.121",
            "ip_tags": null,
            "ip_version": "IPv4",
            "location": "swedencentral",
            "name": "pip-web",
            "public_ip_prefix_id": null,
            "resource_group_name": "tp-bastion-rg",
            "reverse_fqdn": null,
            "sku": "Standard",
            "sku_tier": "Regional",
            "tags": null,
            "timeouts": null,
            "zones": null
          },
          "sensitive_attributes": [],
          "identity_schema_version": 0,
          "private": "eyJlMmJmYjczMC1lY2FhLTExZTYtOGY4OC0zNDM2M2JjN2M0YzAiOnsiY3JlYXRlIjoxODAwMDAwMDAwMDAwLCJkZWxldGUiOjE4MDAwMDAwMDAwMDAsInJlYWQiOjMwMDAwMDAwMDAwMCwidXBkYXRlIjoxODAwMDAwMDAwMDAwfX0=",
          "dependencies": [
            "azurerm_resource_group.rg"
          ]
        }
      ]
    },
    {
      "mode": "managed",
      "type": "azurerm_resource_group",
      "name": "rg",
      "provider": "provider[\"registry.terraform.io/hashicorp/azurerm\"]",
      "instances": [
        {
          "schema_version": 0,
          "attributes": {
            "id": "/subscriptions/886eb166-d41e-4dd4-9f89-7125bd7df134/resourceGroups/tp-bastion-rg",
            "location": "swedencentral",
            "name": "tp-bastion-rg",
            "tags": {},
            "timeouts": null
          },
          "sensitive_attributes": [],
          "identity_schema_version": 0,
          "private": "eyJlMmJmYjczMC1lY2FhLTExZTYtOGY4OC0zNDM2M2JjN2M0YzAiOnsiY3JlYXRlIjo1NDAwMDAwMDAwMDAwLCJkZWxldGUiOjU0MDAwMDAwMDAwMDAsInJlYWQiOjMwMDAwMDAwMDAwMCwidXBkYXRlIjo1NDAwMDAwMDAwMDAwfX0="
        }
      ]
    },
    {
      "mode": "managed",
      "type": "azurerm_subnet",
      "name": "subnet_bastion",
      "provider": "provider[\"registry.terraform.io/hashicorp/azurerm\"]",
      "instances": [
        {
          "schema_version": 0,
          "attributes": {
            "address_prefixes": [
              "10.0.1.0/24"
            ],
            "delegation": [],
            "enforce_private_link_endpoint_network_policies": false,
            "enforce_private_link_service_network_policies": false,
            "id": "/subscriptions/886eb166-d41e-4dd4-9f89-7125bd7df134/resourceGroups/tp-bastion-rg/providers/Microsoft.Network/virtualNetworks/tp-vnet/subnets/subnet-bastion",
            "name": "subnet-bastion",
            "resource_group_name": "tp-bastion-rg",
            "service_endpoint_policy_ids": [],
            "service_endpoints": [],
            "timeouts": null,
            "virtual_network_name": "tp-vnet"
          },
          "sensitive_attributes": [],
          "identity_schema_version": 0,
          "private": "eyJlMmJmYjczMC1lY2FhLTExZTYtOGY4OC0zNDM2M2JjN2M0YzAiOnsiY3JlYXRlIjoxODAwMDAwMDAwMDAwLCJkZWxldGUiOjE4MDAwMDAwMDAwMDAsInJlYWQiOjMwMDAwMDAwMDAwMCwidXBkYXRlIjoxODAwMDAwMDAwMDAwfX0=",
          "dependencies": [
            "azurerm_resource_group.rg",
            "azurerm_virtual_network.vnet"
          ]
        }
      ]
    },
    {
      "mode": "managed",
      "type": "azurerm_subnet",
      "name": "subnet_web",
      "provider": "provider[\"registry.terraform.io/hashicorp/azurerm\"]",
      "instances": [
        {
          "schema_version": 0,
          "attributes": {
            "address_prefixes": [
              "10.0.2.0/24"
            ],
            "delegation": [],
            "enforce_private_link_endpoint_network_policies": false,
            "enforce_private_link_service_network_policies": false,
            "id": "/subscriptions/886eb166-d41e-4dd4-9f89-7125bd7df134/resourceGroups/tp-bastion-rg/providers/Microsoft.Network/virtualNetworks/tp-vnet/subnets/subnet-web",
            "name": "subnet-web",
            "resource_group_name": "tp-bastion-rg",
            "service_endpoint_policy_ids": [],
            "service_endpoints": [],
            "timeouts": null,
            "virtual_network_name": "tp-vnet"
          },
          "sensitive_attributes": [],
          "identity_schema_version": 0,
          "private": "eyJlMmJmYjczMC1lY2FhLTExZTYtOGY4OC0zNDM2M2JjN2M0YzAiOnsiY3JlYXRlIjoxODAwMDAwMDAwMDAwLCJkZWxldGUiOjE4MDAwMDAwMDAwMDAsInJlYWQiOjMwMDAwMDAwMDAwMCwidXBkYXRlIjoxODAwMDAwMDAwMDAwfX0=",
          "dependencies": [
            "azurerm_resource_group.rg",
            "azurerm_virtual_network.vnet"
          ]
        }
      ]
    },
    {
      "mode": "managed",
      "type": "azurerm_subnet_network_security_group_association",
      "name": "nsg_bastion_assoc",
      "provider": "provider[\"registry.terraform.io/hashicorp/azurerm\"]",
      "instances": [
        {
          "schema_version": 0,
          "attributes": {
            "id": "/subscriptions/886eb166-d41e-4dd4-9f89-7125bd7df134/resourceGroups/tp-bastion-rg/providers/Microsoft.Network/virtualNetworks/tp-vnet/subnets/subnet-bastion",
            "network_security_group_id": "/subscriptions/886eb166-d41e-4dd4-9f89-7125bd7df134/resourceGroups/tp-bastion-rg/providers/Microsoft.Network/networkSecurityGroups/nsg-bastion",
            "subnet_id": "/subscriptions/886eb166-d41e-4dd4-9f89-7125bd7df134/resourceGroups/tp-bastion-rg/providers/Microsoft.Network/virtualNetworks/tp-vnet/subnets/subnet-bastion",
            "timeouts": null
          },
          "sensitive_attributes": [],
          "identity_schema_version": 0,
          "private": "eyJlMmJmYjczMC1lY2FhLTExZTYtOGY4OC0zNDM2M2JjN2M0YzAiOnsiY3JlYXRlIjoxODAwMDAwMDAwMDAwLCJkZWxldGUiOjE4MDAwMDAwMDAwMDAsInJlYWQiOjMwMDAwMDAwMDAwMCwidXBkYXRlIjoxODAwMDAwMDAwMDAwfX0=",
          "dependencies": [
            "azurerm_network_security_group.nsg_bastion",
            "azurerm_resource_group.rg",
            "azurerm_subnet.subnet_bastion",
            "azurerm_virtual_network.vnet"
          ]
        }
      ]
    },
    {
      "mode": "managed",
      "type": "azurerm_subnet_network_security_group_association",
      "name": "nsg_web_assoc",
      "provider": "provider[\"registry.terraform.io/hashicorp/azurerm\"]",
      "instances": [
        {
          "schema_version": 0,
          "attributes": {
            "id": "/subscriptions/886eb166-d41e-4dd4-9f89-7125bd7df134/resourceGroups/tp-bastion-rg/providers/Microsoft.Network/virtualNetworks/tp-vnet/subnets/subnet-web",
            "network_security_group_id": "/subscriptions/886eb166-d41e-4dd4-9f89-7125bd7df134/resourceGroups/tp-bastion-rg/providers/Microsoft.Network/networkSecurityGroups/nsg-web",
            "subnet_id": "/subscriptions/886eb166-d41e-4dd4-9f89-7125bd7df134/resourceGroups/tp-bastion-rg/providers/Microsoft.Network/virtualNetworks/tp-vnet/subnets/subnet-web",
            "timeouts": null
          },
          "sensitive_attributes": [],
          "identity_schema_version": 0,
          "private": "eyJlMmJmYjczMC1lY2FhLTExZTYtOGY4OC0zNDM2M2JjN2M0YzAiOnsiY3JlYXRlIjoxODAwMDAwMDAwMDAwLCJkZWxldGUiOjE4MDAwMDAwMDAwMDAsInJlYWQiOjMwMDAwMDAwMDAwMCwidXBkYXRlIjoxODAwMDAwMDAwMDAwfX0=",
          "dependencies": [
            "azurerm_network_security_group.nsg_web",
            "azurerm_resource_group.rg",
            "azurerm_subnet.subnet_web",
            "azurerm_virtual_network.vnet"
          ]
        }
      ]
    },
    {
      "mode": "managed",
      "type": "azurerm_virtual_network",
      "name": "vnet",
      "provider": "provider[\"registry.terraform.io/hashicorp/azurerm\"]",
      "instances": [
        {
          "schema_version": 0,
          "attributes": {
            "address_space": [
              "10.0.0.0/16"
            ],
            "bgp_community": "",
            "ddos_protection_plan": [],
            "dns_servers": [],
            "edge_zone": "",
            "flow_timeout_in_minutes": 0,
            "guid": "eae54925-82f9-4a03-9a8a-36bcbcc98856",
            "id": "/subscriptions/886eb166-d41e-4dd4-9f89-7125bd7df134/resourceGroups/tp-bastion-rg/providers/Microsoft.Network/virtualNetworks/tp-vnet",
            "location": "swedencentral",
            "name": "tp-vnet",
            "resource_group_name": "tp-bastion-rg",
            "subnet": [
              {
                "address_prefix": "10.0.1.0/24",
                "id": "/subscriptions/886eb166-d41e-4dd4-9f89-7125bd7df134/resourceGroups/tp-bastion-rg/providers/Microsoft.Network/virtualNetworks/tp-vnet/subnets/subnet-bastion",
                "name": "subnet-bastion",
                "security_group": "/subscriptions/886eb166-d41e-4dd4-9f89-7125bd7df134/resourceGroups/tp-bastion-rg/providers/Microsoft.Network/networkSecurityGroups/nsg-bastion"
              },
              {
                "address_prefix": "10.0.2.0/24",
                "id": "/subscriptions/886eb166-d41e-4dd4-9f89-7125bd7df134/resourceGroups/tp-bastion-rg/providers/Microsoft.Network/virtualNetworks/tp-vnet/subnets/subnet-web",
                "name": "subnet-web",
                "security_group": "/subscriptions/886eb166-d41e-4dd4-9f89-7125bd7df134/resourceGroups/tp-bastion-rg/providers/Microsoft.Network/networkSecurityGroups/nsg-web"
              }
            ],
            "tags": {},
            "timeouts": null
          },
          "sensitive_attributes": [],
          "identity_schema_version": 0,
          "private": "eyJlMmJmYjczMC1lY2FhLTExZTYtOGY4OC0zNDM2M2JjN2M0YzAiOnsiY3JlYXRlIjoxODAwMDAwMDAwMDAwLCJkZWxldGUiOjE4MDAwMDAwMDAwMDAsInJlYWQiOjMwMDAwMDAwMDAwMCwidXBkYXRlIjoxODAwMDAwMDAwMDAwfX0=",
          "dependencies": [
            "azurerm_resource_group.rg"
          ]
        }
      ]
    }
  ],
  "check_results": null
}
